
Microsoft Visual Studio Solution File, Format Version 12.00
# Visual Studio Version 17
VisualStudioVersion = 17.2.32519.379
MinimumVisualStudioVersion = 10.0.40219.1
Project("{8BC9CEB8-8B4A-11D0-8D11-00A0C91BC942}") = "2018ej2", "2018ej2.vcxproj", "{53C0DB26-41CB-41DD-A131-D03025BC5285}"
EndProject
Global
	GlobalSection(SolutionConfigurationPlatforms) = preSolution
		Debug|x64 = Debug|x64
		Debug|x86 = Debug|x86
		Release|x64 = Release|x64
		Release|x86 = Release|x86
	EndGlobalSection
	GlobalSection(ProjectConfigurationPlatforms) = postSolution
		{53C0DB26-41CB-41DD-A131-D03025BC5285}.Debug|x64.ActiveCfg = Debug|x64
		{53C0DB26-41CB-41DD-A131-D03025BC5285}.Debug|x64.Build.0 = Debug|x64
		{53C0DB26-41CB-41DD-A131-D03025BC5285}.Debug|x86.ActiveCfg = Debug|Win32
		{53C0DB26-41CB-41DD-A131-D03025BC5285}.Debug|x86.Build.0 = Debug|Win32
		{53C0DB26-41CB-41DD-A131-D03025BC5285}.Release|x64.ActiveCfg = Release|x64
		{53C0DB26-41CB-41DD-A131-D03025BC5285}.Release|x64.Build.0 = Release|x64
		{53C0DB26-41CB-41DD-A131-D03025BC5285}.Release|x86.ActiveCfg = Release|Win32
		{53C0DB26-41CB-41DD-A131-D03025BC5285}.Release|x86.Build.0 = Release|Win32
	EndGlobalSection
	GlobalSection(SolutionProperties) = preSolution
		HideSolutionNode = FALSE
	EndGlobalSection
	GlobalSection(ExtensibilityGlobals) = postSolution
		SolutionGuid = {87F3609D-D4EF-4D68-BA7A-DFEA64080950}
	EndGlobalSection
EndGlobal
